
Microsoft Visual Studio Solution File, Format Version 12.00
# Visual Studio 15
VisualStudioVersion = 15.0.26403.0
MinimumVisualStudioVersion = 10.0.40219.1
Project("{FAE04EC0-301F-11D3-BF4B-00C04F79EFBC}") = "NumericalMethodsHub", "NumericalMethodsHub\NumericalMethodsHub.csproj", "{4C16A457-3835-4051-A664-352653C7D677}"
EndProject
Project("{FAE04EC0-301F-11D3-BF4B-00C04F79EFBC}") = "MathExtentions", "MathExtentions\MathExtentions.csproj", "{72B21D81-82B9-4705-B3AB-ECCA41DA24D4}"
EndProject
Project("{FAE04EC0-301F-11D3-BF4B-00C04F79EFBC}") = "ConsoleTest", "ConsoleTest\ConsoleTest.csproj", "{7A8C2E59-B593-4027-BAB3-22BF7112B591}"
EndProject
Global
	GlobalSection(SolutionConfigurationPlatforms) = preSolution
		Debug|Any CPU = Debug|Any CPU
		Release|Any CPU = Release|Any CPU
	EndGlobalSection
	GlobalSection(ProjectConfigurationPlatforms) = postSolution
		{4C16A457-3835-4051-A664-352653C7D677}.Debug|Any CPU.ActiveCfg = Debug|Any CPU
		{4C16A457-3835-4051-A664-352653C7D677}.Debug|Any CPU.Build.0 = Debug|Any CPU
		{4C16A457-3835-4051-A664-352653C7D677}.Release|Any CPU.ActiveCfg = Release|Any CPU
		{4C16A457-3835-4051-A664-352653C7D677}.Release|Any CPU.Build.0 = Release|Any CPU
		{72B21D81-82B9-4705-B3AB-ECCA41DA24D4}.Debug|Any CPU.ActiveCfg = Debug|Any CPU
		{72B21D81-82B9-4705-B3AB-ECCA41DA24D4}.Debug|Any CPU.Build.0 = Debug|Any CPU
		{72B21D81-82B9-4705-B3AB-ECCA41DA24D4}.Release|Any CPU.ActiveCfg = Release|Any CPU
		{72B21D81-82B9-4705-B3AB-ECCA41DA24D4}.Release|Any CPU.Build.0 = Release|Any CPU
		{7A8C2E59-B593-4027-BAB3-22BF7112B591}.Debug|Any CPU.ActiveCfg = Debug|Any CPU
		{7A8C2E59-B593-4027-BAB3-22BF7112B591}.Debug|Any CPU.Build.0 = Debug|Any CPU
		{7A8C2E59-B593-4027-BAB3-22BF7112B591}.Release|Any CPU.ActiveCfg = Release|Any CPU
		{7A8C2E59-B593-4027-BAB3-22BF7112B591}.Release|Any CPU.Build.0 = Release|Any CPU
	EndGlobalSection
	GlobalSection(SolutionProperties) = preSolution
		HideSolutionNode = FALSE
	EndGlobalSection
	GlobalSection(ExtensibilityGlobals) = postSolution
		SolutionGuid = {1FE2EEA5-7AB9-4E18-B67D-1EC813121BA8}
	EndGlobalSection
EndGlobal
